// !$*UTF8*$!
{
	archiveVersion = 1;
	classes = {
	};
	objectVersion = 56;
	objects = {

/* Begin PBXBuildFile section */
		17D75B1A2A47429A00B3D353 /* ExploringCoreDataApp.swift in Sources */ = {isa = PBXBuildFile; fileRef = 17D75B192A47429A00B3D353 /* ExploringCoreDataApp.swift */; };
		17D75B1C2A47429A00B3D353 /* ContentView.swift in Sources */ = {isa = PBXBuildFile; fileRef = 17D75B1B2A47429A00B3D353 /* ContentView.swift */; };
		17D75B1E2A47429B00B3D353 /* Assets.xcassets in Resources */ = {isa = PBXBuildFile; fileRef = 17D75B1D2A47429B00B3D353 /* Assets.xcassets */; };
		17D75B212A47429B00B3D353 /* Preview Assets.xcassets in Resources */ = {isa = PBXBuildFile; fileRef = 17D75B202A47429B00B3D353 /* Preview Assets.xcassets */; };
		17D75B2E2A47459500B3D353 /* Persistence.xcdatamodeld in Sources */ = {isa = PBXBuildFile; fileRef = 17D75B2C2A47459500B3D353 /* Persistence.xcdatamodeld */; };
		17D75B422A47473900B3D353 /* CoreDataManager.swift in Sources */ = {isa = PBXBuildFile; fileRef = 17D75B412A47473900B3D353 /* CoreDataManager.swift */; };
		17D75B442A474EDB00B3D353 /* BandsView.swift in Sources */ = {isa = PBXBuildFile; fileRef = 17D75B432A474EDB00B3D353 /* BandsView.swift */; };
		17D75B462A47B13500B3D353 /* BandsViewModel.swift in Sources */ = {isa = PBXBuildFile; fileRef = 17D75B452A47B13500B3D353 /* BandsViewModel.swift */; };
		17D75B482A49B09F00B3D353 /* SongsView.swift in Sources */ = {isa = PBXBuildFile; fileRef = 17D75B472A49B09F00B3D353 /* SongsView.swift */; };
		17D75B4B2A49B70200B3D353 /* SongsViewModel.swift in Sources */ = {isa = PBXBuildFile; fileRef = 17D75B4A2A49B70200B3D353 /* SongsViewModel.swift */; };
		17DEE0DD2A4CC3920013820A /* Song+CoreDataClass.swift in Sources */ = {isa = PBXBuildFile; fileRef = 17DEE0D72A4CC3920013820A /* Song+CoreDataClass.swift */; };
		17DEE0DE2A4CC3920013820A /* Song+CoreDataProperties.swift in Sources */ = {isa = PBXBuildFile; fileRef = 17DEE0D82A4CC3920013820A /* Song+CoreDataProperties.swift */; };
		17DEE0DF2A4CC3920013820A /* SetList+CoreDataClass.swift in Sources */ = {isa = PBXBuildFile; fileRef = 17DEE0D92A4CC3920013820A /* SetList+CoreDataClass.swift */; };
		17DEE0E02A4CC3920013820A /* SetList+CoreDataProperties.swift in Sources */ = {isa = PBXBuildFile; fileRef = 17DEE0DA2A4CC3920013820A /* SetList+CoreDataProperties.swift */; };
		17DEE0E12A4CC3920013820A /* Band+CoreDataClass.swift in Sources */ = {isa = PBXBuildFile; fileRef = 17DEE0DB2A4CC3920013820A /* Band+CoreDataClass.swift */; };
		17DEE0E22A4CC3920013820A /* Band+CoreDataProperties.swift in Sources */ = {isa = PBXBuildFile; fileRef = 17DEE0DC2A4CC3920013820A /* Band+CoreDataProperties.swift */; };
/* End PBXBuildFile section */

/* Begin PBXFileReference section */
		17D75B162A47429A00B3D353 /* ExploringCoreData.app */ = {isa = PBXFileReference; explicitFileType = wrapper.application; includeInIndex = 0; path = ExploringCoreData.app; sourceTree = BUILT_PRODUCTS_DIR; };
		17D75B192A47429A00B3D353 /* ExploringCoreDataApp.swift */ = {isa = PBXFileReference; lastKnownFileType = sourcecode.swift; path = ExploringCoreDataApp.swift; sourceTree = "<group>"; };
		17D75B1B2A47429A00B3D353 /* ContentView.swift */ = {isa = PBXFileReference; lastKnownFileType = sourcecode.swift; path = ContentView.swift; sourceTree = "<group>"; };
		17D75B1D2A47429B00B3D353 /* Assets.xcassets */ = {isa = PBXFileReference; lastKnownFileType = folder.assetcatalog; path = Assets.xcassets; sourceTree = "<group>"; };
		17D75B202A47429B00B3D353 /* Preview Assets.xcassets */ = {isa = PBXFileReference; lastKnownFileType = folder.assetcatalog; path = "Preview Assets.xcassets"; sourceTree = "<group>"; };
		17D75B2D2A47459500B3D353 /* Model.xcdatamodel */ = {isa = PBXFileReference; lastKnownFileType = wrapper.xcdatamodel; path = Model.xcdatamodel; sourceTree = "<group>"; };
		17D75B412A47473900B3D353 /* CoreDataManager.swift */ = {isa = PBXFileReference; lastKnownFileType = sourcecode.swift; path = CoreDataManager.swift; sourceTree = "<group>"; };
		17D75B432A474EDB00B3D353 /* BandsView.swift */ = {isa = PBXFileReference; lastKnownFileType = sourcecode.swift; path = BandsView.swift; sourceTree = "<group>"; };
		17D75B452A47B13500B3D353 /* BandsViewModel.swift */ = {isa = PBXFileReference; lastKnownFileType = sourcecode.swift; path = BandsViewModel.swift; sourceTree = "<group>"; };
		17D75B472A49B09F00B3D353 /* SongsView.swift */ = {isa = PBXFileReference; lastKnownFileType = sourcecode.swift; path = SongsView.swift; sourceTree = "<group>"; };
		17D75B4A2A49B70200B3D353 /* SongsViewModel.swift */ = {isa = PBXFileReference; lastKnownFileType = sourcecode.swift; path = SongsViewModel.swift; sourceTree = "<group>"; };
		17DEE0D72A4CC3920013820A /* Song+CoreDataClass.swift */ = {isa = PBXFileReference; lastKnownFileType = sourcecode.swift; name = "Song+CoreDataClass.swift"; path = "ExploringCoreData/Persistence/Models/Song+CoreDataClass.swift"; sourceTree = SOURCE_ROOT; };
		17DEE0D82A4CC3920013820A /* Song+CoreDataProperties.swift */ = {isa = PBXFileReference; lastKnownFileType = sourcecode.swift; name = "Song+CoreDataProperties.swift"; path = "ExploringCoreData/Persistence/Models/Song+CoreDataProperties.swift"; sourceTree = SOURCE_ROOT; };
		17DEE0D92A4CC3920013820A /* SetList+CoreDataClass.swift */ = {isa = PBXFileReference; lastKnownFileType = sourcecode.swift; name = "SetList+CoreDataClass.swift"; path = "ExploringCoreData/Persistence/Models/SetList+CoreDataClass.swift"; sourceTree = SOURCE_ROOT; };
		17DEE0DA2A4CC3920013820A /* SetList+CoreDataProperties.swift */ = {isa = PBXFileReference; lastKnownFileType = sourcecode.swift; name = "SetList+CoreDataProperties.swift"; path = "ExploringCoreData/Persistence/Models/SetList+CoreDataProperties.swift"; sourceTree = SOURCE_ROOT; };
		17DEE0DB2A4CC3920013820A /* Band+CoreDataClass.swift */ = {isa = PBXFileReference; lastKnownFileType = sourcecode.swift; name = "Band+CoreDataClass.swift"; path = "ExploringCoreData/Persistence/Models/Band+CoreDataClass.swift"; sourceTree = SOURCE_ROOT; };
		17DEE0DC2A4CC3920013820A /* Band+CoreDataProperties.swift */ = {isa = PBXFileReference; lastKnownFileType = sourcecode.swift; name = "Band+CoreDataProperties.swift"; path = "ExploringCoreData/Persistence/Models/Band+CoreDataProperties.swift"; sourceTree = SOURCE_ROOT; };
/* End PBXFileReference section */

/* Begin PBXFrameworksBuildPhase section */
		17D75B132A47429A00B3D353 /* Frameworks */ = {
			isa = PBXFrameworksBuildPhase;
			buildActionMask = 2147483647;
			files = (
			);
			runOnlyForDeploymentPostprocessing = 0;
		};
/* End PBXFrameworksBuildPhase section */

/* Begin PBXGroup section */
		17D75B0D2A47429A00B3D353 = {
			isa = PBXGroup;
			children = (
				17D75B182A47429A00B3D353 /* ExploringCoreData */,
				17D75B172A47429A00B3D353 /* Products */,
			);
			sourceTree = "<group>";
		};
		17D75B172A47429A00B3D353 /* Products */ = {
			isa = PBXGroup;
			children = (
				17D75B162A47429A00B3D353 /* ExploringCoreData.app */,
			);
			name = Products;
			sourceTree = "<group>";
		};
		17D75B182A47429A00B3D353 /* ExploringCoreData */ = {
			isa = PBXGroup;
			children = (
				17D75B3F2A47470800B3D353 /* Persistence */,
				17D75B192A47429A00B3D353 /* ExploringCoreDataApp.swift */,
				17D75B1B2A47429A00B3D353 /* ContentView.swift */,
				17D75B492A49B6DE00B3D353 /* Bands */,
				17F0330E2A4C616200152F59 /* Songs */,
				17D75B1D2A47429B00B3D353 /* Assets.xcassets */,
				17D75B1F2A47429B00B3D353 /* Preview Content */,
			);
			path = ExploringCoreData;
			sourceTree = "<group>";
		};
		17D75B1F2A47429B00B3D353 /* Preview Content */ = {
			isa = PBXGroup;
			children = (
				17D75B202A47429B00B3D353 /* Preview Assets.xcassets */,
			);
			path = "Preview Content";
			sourceTree = "<group>";
		};
		17D75B3F2A47470800B3D353 /* Persistence */ = {
			isa = PBXGroup;
			children = (
				17D75B2C2A47459500B3D353 /* Persistence.xcdatamodeld */,
				17D75B412A47473900B3D353 /* CoreDataManager.swift */,
				17D75B402A47471700B3D353 /* Models */,
			);
			path = Persistence;
			sourceTree = "<group>";
		};
		17D75B402A47471700B3D353 /* Models */ = {
			isa = PBXGroup;
			children = (
				17DEE0D72A4CC3920013820A /* Song+CoreDataClass.swift */,
				17DEE0D82A4CC3920013820A /* Song+CoreDataProperties.swift */,
				17DEE0D92A4CC3920013820A /* SetList+CoreDataClass.swift */,
				17DEE0DA2A4CC3920013820A /* SetList+CoreDataProperties.swift */,
				17DEE0DB2A4CC3920013820A /* Band+CoreDataClass.swift */,
				17DEE0DC2A4CC3920013820A /* Band+CoreDataProperties.swift */,
			);
			path = Models;
			sourceTree = "<group>";
		};
		17D75B492A49B6DE00B3D353 /* Bands */ = {
			isa = PBXGroup;
			children = (
				17D75B432A474EDB00B3D353 /* BandsView.swift */,
				17D75B452A47B13500B3D353 /* BandsViewModel.swift */,
			);
			path = Bands;
			sourceTree = "<group>";
		};
		17F0330E2A4C616200152F59 /* Songs */ = {
			isa = PBXGroup;
			children = (
				17D75B472A49B09F00B3D353 /* SongsView.swift */,
				17D75B4A2A49B70200B3D353 /* SongsViewModel.swift */,
			);
			path = Songs;
			sourceTree = "<group>";
		};
/* End PBXGroup section */

/* Begin PBXNativeTarget section */
		17D75B152A47429A00B3D353 /* ExploringCoreData */ = {
			isa = PBXNativeTarget;
			buildConfigurationList = 17D75B292A47429B00B3D353 /* Build configuration list for PBXNativeTarget "ExploringCoreData" */;
			buildPhases = (
				17D75B122A47429A00B3D353 /* Sources */,
				17D75B132A47429A00B3D353 /* Frameworks */,
				17D75B142A47429A00B3D353 /* Resources */,
			);
			buildRules = (
			);
			dependencies = (
			);
			name = ExploringCoreData;
			productName = ExploringCoreData;
			productReference = 17D75B162A47429A00B3D353 /* ExploringCoreData.app */;
			productType = "com.apple.product-type.application";
		};
/* End PBXNativeTarget section */

/* Begin PBXProject section */
		17D75B0E2A47429A00B3D353 /* Project object */ = {
			isa = PBXProject;
			attributes = {
				BuildIndependentTargetsInParallel = 1;
				LastSwiftUpdateCheck = 1430;
				LastUpgradeCheck = 1430;
				TargetAttributes = {
					17D75B152A47429A00B3D353 = {
						CreatedOnToolsVersion = 14.3.1;
					};
				};
			};
			buildConfigurationList = 17D75B112A47429A00B3D353 /* Build configuration list for PBXProject "ExploringCoreData" */;
			compatibilityVersion = "Xcode 14.0";
			developmentRegion = en;
			hasScannedForEncodings = 0;
			knownRegions = (
				en,
				Base,
			);
			mainGroup = 17D75B0D2A47429A00B3D353;
			productRefGroup = 17D75B172A47429A00B3D353 /* Products */;
			projectDirPath = "";
			projectRoot = "";
			targets = (
				17D75B152A47429A00B3D353 /* ExploringCoreData */,
			);
		};
/* End PBXProject section */

/* Begin PBXResourcesBuildPhase section */
		17D75B142A47429A00B3D353 /* Resources */ = {
			isa = PBXResourcesBuildPhase;
			buildActionMask = 2147483647;
			files = (
				17D75B212A47429B00B3D353 /* Preview Assets.xcassets in Resources */,
				17D75B1E2A47429B00B3D353 /* Assets.xcassets in Resources */,
			);
			runOnlyForDeploymentPostprocessing = 0;
		};
/* End PBXResourcesBuildPhase section */

/* Begin PBXSourcesBuildPhase section */
		17D75B122A47429A00B3D353 /* Sources */ = {
			isa = PBXSourcesBuildPhase;
			buildActionMask = 2147483647;
			files = (
				17D75B482A49B09F00B3D353 /* SongsView.swift in Sources */,
				17D75B442A474EDB00B3D353 /* BandsView.swift in Sources */,
				17D75B1C2A47429A00B3D353 /* ContentView.swift in Sources */,
				17D75B1A2A47429A00B3D353 /* ExploringCoreDataApp.swift in Sources */,
				17DEE0E12A4CC3920013820A /* Band+CoreDataClass.swift in Sources */,
				17DEE0E02A4CC3920013820A /* SetList+CoreDataProperties.swift in Sources */,
				17DEE0E22A4CC3920013820A /* Band+CoreDataProperties.swift in Sources */,
				17DEE0DE2A4CC3920013820A /* Song+CoreDataProperties.swift in Sources */,
				17D75B422A47473900B3D353 /* CoreDataManager.swift in Sources */,
				17D75B4B2A49B70200B3D353 /* SongsViewModel.swift in Sources */,
				17D75B2E2A47459500B3D353 /* Persistence.xcdatamodeld in Sources */,
				17D75B462A47B13500B3D353 /* BandsViewModel.swift in Sources */,
				17DEE0DF2A4CC3920013820A /* SetList+CoreDataClass.swift in Sources */,
				17DEE0DD2A4CC3920013820A /* Song+CoreDataClass.swift in Sources */,
			);
			runOnlyForDeploymentPostprocessing = 0;
		};
/* End PBXSourcesBuildPhase section */

/* Begin XCBuildConfiguration section */
		17D75B272A47429B00B3D353 /* Debug */ = {
			isa = XCBuildConfiguration;
			buildSettings = {
				ALWAYS_SEARCH_USER_PATHS = NO;
				CLANG_ANALYZER_NONNULL = YES;
				CLANG_ANALYZER_NUMBER_OBJECT_CONVERSION = YES_AGGRESSIVE;
				CLANG_CXX_LANGUAGE_STANDARD = "gnu++20";
				CLANG_ENABLE_MODULES = YES;
				CLANG_ENABLE_OBJC_ARC = YES;
				CLANG_ENABLE_OBJC_WEAK = YES;
				CLANG_WARN_BLOCK_CAPTURE_AUTORELEASING = YES;
				CLANG_WARN_BOOL_CONVERSION = YES;
				CLANG_WARN_COMMA = YES;
				CLANG_WARN_CONSTANT_CONVERSION = YES;
				CLANG_WARN_DEPRECATED_OBJC_IMPLEMENTATIONS = YES;
				CLANG_WARN_DIRECT_OBJC_ISA_USAGE = YES_ERROR;
				CLANG_WARN_DOCUMENTATION_COMMENTS = YES;
				CLANG_WARN_EMPTY_BODY = YES;
				CLANG_WARN_ENUM_CONVERSION = YES;
				CLANG_WARN_INFINITE_RECURSION = YES;
				CLANG_WARN_INT_CONVERSION = YES;
				CLANG_WARN_NON_LITERAL_NULL_CONVERSION = YES;
				CLANG_WARN_OBJC_IMPLICIT_RETAIN_SELF = YES;
				CLANG_WARN_OBJC_LITERAL_CONVERSION = YES;
				CLANG_WARN_OBJC_ROOT_CLASS = YES_ERROR;
				CLANG_WARN_QUOTED_INCLUDE_IN_FRAMEWORK_HEADER = YES;
				CLANG_WARN_RANGE_LOOP_ANALYSIS = YES;
				CLANG_WARN_STRICT_PROTOTYPES = YES;
				CLANG_WARN_SUSPICIOUS_MOVE = YES;
				CLANG_WARN_UNGUARDED_AVAILABILITY = YES_AGGRESSIVE;
				CLANG_WARN_UNREACHABLE_CODE = YES;
				CLANG_WARN__DUPLICATE_METHOD_MATCH = YES;
				COPY_PHASE_STRIP = NO;
				DEBUG_INFORMATION_FORMAT = dwarf;
				ENABLE_STRICT_OBJC_MSGSEND = YES;
				ENABLE_TESTABILITY = YES;
				GCC_C_LANGUAGE_STANDARD = gnu11;
				GCC_DYNAMIC_NO_PIC = NO;
				GCC_NO_COMMON_BLOCKS = YES;
				GCC_OPTIMIZATION_LEVEL = 0;
				GCC_PREPROCESSOR_DEFINITIONS = (
					"DEBUG=1",
					"$(inherited)",
				);
				GCC_WARN_64_TO_32_BIT_CONVERSION = YES;
				GCC_WARN_ABOUT_RETURN_TYPE = YES_ERROR;
				GCC_WARN_UNDECLARED_SELECTOR = YES;
				GCC_WARN_UNINITIALIZED_AUTOS = YES_AGGRESSIVE;
				GCC_WARN_UNUSED_FUNCTION = YES;
				GCC_WARN_UNUSED_VARIABLE = YES;
				IPHONEOS_DEPLOYMENT_TARGET = 16.4;
				MTL_ENABLE_DEBUG_INFO = INCLUDE_SOURCE;
				MTL_FAST_MATH = YES;
				ONLY_ACTIVE_ARCH = YES;
				SDKROOT = iphoneos;
				SWIFT_ACTIVE_COMPILATION_CONDITIONS = DEBUG;
				SWIFT_OPTIMIZATION_LEVEL = "-Onone";
			};
			name = Debug;
		};
		17D75B282A47429B00B3D353 /* Release */ = {
			isa = XCBuildConfiguration;
			buildSettings = {
				ALWAYS_SEARCH_USER_PATHS = NO;
				CLANG_ANALYZER_NONNULL = YES;
				CLANG_ANALYZER_NUMBER_OBJECT_CONVERSION = YES_AGGRESSIVE;
				CLANG_CXX_LANGUAGE_STANDARD = "gnu++20";
				CLANG_ENABLE_MODULES = YES;
				CLANG_ENABLE_OBJC_ARC = YES;
				CLANG_ENABLE_OBJC_WEAK = YES;
				CLANG_WARN_BLOCK_CAPTURE_AUTORELEASING = YES;
				CLANG_WARN_BOOL_CONVERSION = YES;
				CLANG_WARN_COMMA = YES;
				CLANG_WARN_CONSTANT_CONVERSION = YES;
				CLANG_WARN_DEPRECATED_OBJC_IMPLEMENTATIONS = YES;
				CLANG_WARN_DIRECT_OBJC_ISA_USAGE = YES_ERROR;
				CLANG_WARN_DOCUMENTATION_COMMENTS = YES;
				CLANG_WARN_EMPTY_BODY = YES;
				CLANG_WARN_ENUM_CONVERSION = YES;
				CLANG_WARN_INFINITE_RECURSION = YES;
				CLANG_WARN_INT_CONVERSION = YES;
				CLANG_WARN_NON_LITERAL_NULL_CONVERSION = YES;
				CLANG_WARN_OBJC_IMPLICIT_RETAIN_SELF = YES;
				CLANG_WARN_OBJC_LITERAL_CONVERSION = YES;
				CLANG_WARN_OBJC_ROOT_CLASS = YES_ERROR;
				CLANG_WARN_QUOTED_INCLUDE_IN_FRAMEWORK_HEADER = YES;
				CLANG_WARN_RANGE_LOOP_ANALYSIS = YES;
				CLANG_WARN_STRICT_PROTOTYPES = YES;
				CLANG_WARN_SUSPICIOUS_MOVE = YES;
				CLANG_WARN_UNGUARDED_AVAILABILITY = YES_AGGRESSIVE;
				CLANG_WARN_UNREACHABLE_CODE = YES;
				CLANG_WARN__DUPLICATE_METHOD_MATCH = YES;
				COPY_PHASE_STRIP = NO;
				DEBUG_INFORMATION_FORMAT = "dwarf-with-dsym";
				ENABLE_NS_ASSERTIONS = NO;
				ENABLE_STRICT_OBJC_MSGSEND = YES;
				GCC_C_LANGUAGE_STANDARD = gnu11;
				GCC_NO_COMMON_BLOCKS = YES;
				GCC_WARN_64_TO_32_BIT_CONVERSION = YES;
				GCC_WARN_ABOUT_RETURN_TYPE = YES_ERROR;
				GCC_WARN_UNDECLARED_SELECTOR = YES;
				GCC_WARN_UNINITIALIZED_AUTOS = YES_AGGRESSIVE;
				GCC_WARN_UNUSED_FUNCTION = YES;
				GCC_WARN_UNUSED_VARIABLE = YES;
				IPHONEOS_DEPLOYMENT_TARGET = 16.4;
				MTL_ENABLE_DEBUG_INFO = NO;
				MTL_FAST_MATH = YES;
				SDKROOT = iphoneos;
				SWIFT_COMPILATION_MODE = wholemodule;
				SWIFT_OPTIMIZATION_LEVEL = "-O";
				VALIDATE_PRODUCT = YES;
			};
			name = Release;
		};
		17D75B2A2A47429B00B3D353 /* Debug */ = {
			isa = XCBuildConfiguration;
			buildSettings = {
				ASSETCATALOG_COMPILER_APPICON_NAME = AppIcon;
				ASSETCATALOG_COMPILER_GLOBAL_ACCENT_COLOR_NAME = AccentColor;
				CODE_SIGN_STYLE = Automatic;
				CURRENT_PROJECT_VERSION = 1;
				DEVELOPMENT_ASSET_PATHS = "\"ExploringCoreData/Preview Content\"";
				DEVELOPMENT_TEAM = 749Q737TF5;
				ENABLE_PREVIEWS = YES;
				GENERATE_INFOPLIST_FILE = YES;
				INFOPLIST_KEY_UIApplicationSceneManifest_Generation = YES;
				INFOPLIST_KEY_UIApplicationSupportsIndirectInputEvents = YES;
				INFOPLIST_KEY_UILaunchScreen_Generation = YES;
				INFOPLIST_KEY_UISupportedInterfaceOrientations_iPad = "UIInterfaceOrientationPortrait UIInterfaceOrientationPortraitUpsideDown UIInterfaceOrientationLandscapeLeft UIInterfaceOrientationLandscapeRight";
				INFOPLIST_KEY_UISupportedInterfaceOrientations_iPhone = "UIInterfaceOrientationPortrait UIInterfaceOrientationLandscapeLeft UIInterfaceOrientationLandscapeRight";
				LD_RUNPATH_SEARCH_PATHS = (
					"$(inherited)",
					"@executable_path/Frameworks",
				);
				MARKETING_VERSION = 1.0;
				PRODUCT_BUNDLE_IDENTIFIER = br.ufpe.cin.academy.ExploringCoreData;
				PRODUCT_NAME = "$(TARGET_NAME)";
				SWIFT_EMIT_LOC_STRINGS = YES;
				SWIFT_VERSION = 5.0;
				TARGETED_DEVICE_FAMILY = "1,2";
			};
			name = Debug;
		};
		17D75B2B2A47429B00B3D353 /* Release */ = {
			isa = XCBuildConfiguration;
			buildSettings = {
				ASSETCATALOG_COMPILER_APPICON_NAME = AppIcon;
				ASSETCATALOG_COMPILER_GLOBAL_ACCENT_COLOR_NAME = AccentColor;
				CODE_SIGN_STYLE = Automatic;
				CURRENT_PROJECT_VERSION = 1;
				DEVELOPMENT_ASSET_PATHS = "\"ExploringCoreData/Preview Content\"";
				DEVELOPMENT_TEAM = 749Q737TF5;
				ENABLE_PREVIEWS = YES;
				GENERATE_INFOPLIST_FILE = YES;
				INFOPLIST_KEY_UIApplicationSceneManifest_Generation = YES;
				INFOPLIST_KEY_UIApplicationSupportsIndirectInputEvents = YES;
				INFOPLIST_KEY_UILaunchScreen_Generation = YES;
				INFOPLIST_KEY_UISupportedInterfaceOrientations_iPad = "UIInterfaceOrientationPortrait UIInterfaceOrientationPortraitUpsideDown UIInterfaceOrientationLandscapeLeft UIInterfaceOrientationLandscapeRight";
				INFOPLIST_KEY_UISupportedInterfaceOrientations_iPhone = "UIInterfaceOrientationPortrait UIInterfaceOrientationLandscapeLeft UIInterfaceOrientationLandscapeRight";
				LD_RUNPATH_SEARCH_PATHS = (
					"$(inherited)",
					"@executable_path/Frameworks",
				);
				MARKETING_VERSION = 1.0;
				PRODUCT_BUNDLE_IDENTIFIER = br.ufpe.cin.academy.ExploringCoreData;
				PRODUCT_NAME = "$(TARGET_NAME)";
				SWIFT_EMIT_LOC_STRINGS = YES;
				SWIFT_VERSION = 5.0;
				TARGETED_DEVICE_FAMILY = "1,2";
			};
			name = Release;
		};
/* End XCBuildConfiguration section */

/* Begin XCConfigurationList section */
		17D75B112A47429A00B3D353 /* Build configuration list for PBXProject "ExploringCoreData" */ = {
			isa = XCConfigurationList;
			buildConfigurations = (
				17D75B272A47429B00B3D353 /* Debug */,
				17D75B282A47429B00B3D353 /* Release */,
			);
			defaultConfigurationIsVisible = 0;
			defaultConfigurationName = Release;
		};
		17D75B292A47429B00B3D353 /* Build configuration list for PBXNativeTarget "ExploringCoreData" */ = {
			isa = XCConfigurationList;
			buildConfigurations = (
				17D75B2A2A47429B00B3D353 /* Debug */,
				17D75B2B2A47429B00B3D353 /* Release */,
			);
			defaultConfigurationIsVisible = 0;
			defaultConfigurationName = Release;
		};
/* End XCConfigurationList section */

/* Begin XCVersionGroup section */
		17D75B2C2A47459500B3D353 /* Persistence.xcdatamodeld */ = {
			isa = XCVersionGroup;
			children = (
				17D75B2D2A47459500B3D353 /* Model.xcdatamodel */,
			);
			currentVersion = 17D75B2D2A47459500B3D353 /* Model.xcdatamodel */;
			path = Persistence.xcdatamodeld;
			sourceTree = "<group>";
			versionGroupType = wrapper.xcdatamodel;
		};
/* End XCVersionGroup section */
	};
	rootObject = 17D75B0E2A47429A00B3D353 /* Project object */;
}
